
Microsoft Visual Studio Solution File, Format Version 10.00
# Visual Studio 2008
Project("{8BC9CEB8-8B4A-11D0-8D11-00A0C91BC942}") = "Test_Netbroker_CORE", "Test_Netbroker_CORE.vcproj", "{C60A04E1-9FA9-4012-80B5-CC563D685EF1}"
	ProjectSection(ProjectDependencies) = postProject
		{169D532D-C2AD-48E0-BFE2-5B2A5ABC784A} = {169D532D-C2AD-48E0-BFE2-5B2A5ABC784A}
	EndProjectSection
EndProject
Project("{8BC9CEB8-8B4A-11D0-8D11-00A0C91BC942}") = "Netbroker_CORE", "Netbroker_CORE.vcproj", "{169D532D-C2AD-48E0-BFE2-5B2A5ABC784A}"
EndProject
Global
	GlobalSection(SolutionConfigurationPlatforms) = preSolution
		Debug Static|Win32 = Debug Static|Win32
		Release Static|Win32 = Release Static|Win32
	EndGlobalSection
	GlobalSection(ProjectConfigurationPlatforms) = postSolution
		{C60A04E1-9FA9-4012-80B5-CC563D685EF1}.Debug Static|Win32.ActiveCfg = Debug MDd|Win32
		{C60A04E1-9FA9-4012-80B5-CC563D685EF1}.Debug Static|Win32.Build.0 = Debug MDd|Win32
		{C60A04E1-9FA9-4012-80B5-CC563D685EF1}.Release Static|Win32.ActiveCfg = Release MD|Win32
		{C60A04E1-9FA9-4012-80B5-CC563D685EF1}.Release Static|Win32.Build.0 = Release MD|Win32
		{169D532D-C2AD-48E0-BFE2-5B2A5ABC784A}.Debug Static|Win32.ActiveCfg = Debug MDd|Win32
		{169D532D-C2AD-48E0-BFE2-5B2A5ABC784A}.Debug Static|Win32.Build.0 = Debug MDd|Win32
		{169D532D-C2AD-48E0-BFE2-5B2A5ABC784A}.Release Static|Win32.ActiveCfg = Release Static MD|Win32
		{169D532D-C2AD-48E0-BFE2-5B2A5ABC784A}.Release Static|Win32.Build.0 = Release Static MD|Win32
	EndGlobalSection
	GlobalSection(SolutionProperties) = preSolution
		HideSolutionNode = FALSE
	EndGlobalSection
EndGlobal
